
Microsoft Visual Studio Solution File, Format Version 12.00
# Visual Studio Version 16
VisualStudioVersion = 16.0.29009.5
MinimumVisualStudioVersion = 10.0.40219.1
Project("{FAE04EC0-301F-11D3-BF4B-00C04F79EFBC}") = "MotorInsuranceCalculator", "MotorInsuranceCalculator\MotorInsuranceCalculator.csproj", "{A55F460B-E1FE-491D-8AA6-AB9C42CBD483}"
EndProject
Global
	GlobalSection(SolutionConfigurationPlatforms) = preSolution
		Debug|Any CPU = Debug|Any CPU
		Release|Any CPU = Release|Any CPU
	EndGlobalSection
	GlobalSection(ProjectConfigurationPlatforms) = postSolution
		{A55F460B-E1FE-491D-8AA6-AB9C42CBD483}.Debug|Any CPU.ActiveCfg = Debug|Any CPU
		{A55F460B-E1FE-491D-8AA6-AB9C42CBD483}.Debug|Any CPU.Build.0 = Debug|Any CPU
		{A55F460B-E1FE-491D-8AA6-AB9C42CBD483}.Release|Any CPU.ActiveCfg = Release|Any CPU
		{A55F460B-E1FE-491D-8AA6-AB9C42CBD483}.Release|Any CPU.Build.0 = Release|Any CPU
	EndGlobalSection
	GlobalSection(SolutionProperties) = preSolution
		HideSolutionNode = FALSE
	EndGlobalSection
	GlobalSection(ExtensibilityGlobals) = postSolution
		SolutionGuid = {42EB444E-E111-4242-9E71-6E390533B8A9}
	EndGlobalSection
EndGlobal
